{
    "_meta": {
        "hash": {
            "sha256": "ebe512a274e57119ba08cb87308199c7f14070471eb527e7251b852c8a104d04"
        },
        "pipfile-spec": 6,
        "requires": {
            "python_version": "3"
        },
        "sources": [
            {
                "name": "pypi",
                "url": "https://pypi.org/simple",
                "verify_ssl": true
            }
        ]
    },
    "default": {
        "colorzero": {
            "hashes": [
                "sha256:acba47119b5d8555680d3cda9afe6ccc5481385ccc3c00084dd973f7aa184599",
                "sha256:e3c36d15b293de2b2f77ff54a5bd243fffac941ed0a5332d0697a6612a26a0a3"
            ],
            "version": "==1.1"
        },
        "gpiozero": {
            "hashes": [
                "sha256:1e73ef22e69b31a26f45191bc589a294c19cb86914d8babde67810694c5bc269",
                "sha256:5075c93f61e1ca4f7813544a9e7ef238e77482b47a5602b8e40c71f177930585"
            ],
            "index": "pypi",
            "version": "==1.5.0"
        },
        "paho-mqtt": {
            "hashes": [
                "sha256:e440a052b46d222e184be3be38676378722072fcd4dfd2c8f509fb861a7b0b79"
            ],
            "index": "pypi",
            "version": "==1.4.0"
        },
        "rpi.gpio": {
            "hashes": [
                "sha256:a4210ad63bfe844e43995286de0d3950dfacfa0f3799bb9392770ac54a7d2e47"
            ],
            "index": "pypi",
            "version": "==0.6.5"
        }
    },
    "develop": {}
}
